
Microsoft Visual Studio Solution File, Format Version 12.00
# Visual Studio Version 17
VisualStudioVersion = 17.7.34031.279
MinimumVisualStudioVersion = 10.0.40219.1
Project("{FAE04EC0-301F-11D3-BF4B-00C04F79EFBC}") = "lab3", "lab3.csproj", "{ADCCEDB2-95EA-4BE2-A643-F506FB00552F}"
EndProject
Global
	GlobalSection(SolutionConfigurationPlatforms) = preSolution
		Debug|Any CPU = Debug|Any CPU
		Release|Any CPU = Release|Any CPU
	EndGlobalSection
	GlobalSection(ProjectConfigurationPlatforms) = postSolution
		{ADCCEDB2-95EA-4BE2-A643-F506FB00552F}.Debug|Any CPU.ActiveCfg = Debug|Any CPU
		{ADCCEDB2-95EA-4BE2-A643-F506FB00552F}.Debug|Any CPU.Build.0 = Debug|Any CPU
		{ADCCEDB2-95EA-4BE2-A643-F506FB00552F}.Release|Any CPU.ActiveCfg = Release|Any CPU
		{ADCCEDB2-95EA-4BE2-A643-F506FB00552F}.Release|Any CPU.Build.0 = Release|Any CPU
	EndGlobalSection
	GlobalSection(SolutionProperties) = preSolution
		HideSolutionNode = FALSE
	EndGlobalSection
	GlobalSection(ExtensibilityGlobals) = postSolution
		SolutionGuid = {654370FA-0E4E-4AF8-A9C2-0B7307DDA7BF}
	EndGlobalSection
EndGlobal
